
Microsoft Visual Studio Solution File, Format Version 12.00
# Visual Studio 15
VisualStudioVersion = 15.0.28010.2026
MinimumVisualStudioVersion = 10.0.40219.1
Project("{FAE04EC0-301F-11D3-BF4B-00C04F79EFBC}") = "OctopusSearch.Core", "OctopusSearch.Core\OctopusSearch.Core.csproj", "{F263C080-9921-4779-845A-E41485B0E390}"
EndProject
Project("{FAE04EC0-301F-11D3-BF4B-00C04F79EFBC}") = "OctopusSearch.ConsoleApp", "OctopusSearch.ConsoleApp\OctopusSearch.ConsoleApp.csproj", "{4D3E081D-1662-4CC4-8F8D-5DF6239131EC}"
EndProject
Global
	GlobalSection(SolutionConfigurationPlatforms) = preSolution
		Debug|Any CPU = Debug|Any CPU
		Release|Any CPU = Release|Any CPU
	EndGlobalSection
	GlobalSection(ProjectConfigurationPlatforms) = postSolution
		{F263C080-9921-4779-845A-E41485B0E390}.Debug|Any CPU.ActiveCfg = Debug|Any CPU
		{F263C080-9921-4779-845A-E41485B0E390}.Debug|Any CPU.Build.0 = Debug|Any CPU
		{F263C080-9921-4779-845A-E41485B0E390}.Release|Any CPU.ActiveCfg = Release|Any CPU
		{F263C080-9921-4779-845A-E41485B0E390}.Release|Any CPU.Build.0 = Release|Any CPU
		{4D3E081D-1662-4CC4-8F8D-5DF6239131EC}.Debug|Any CPU.ActiveCfg = Debug|Any CPU
		{4D3E081D-1662-4CC4-8F8D-5DF6239131EC}.Debug|Any CPU.Build.0 = Debug|Any CPU
		{4D3E081D-1662-4CC4-8F8D-5DF6239131EC}.Release|Any CPU.ActiveCfg = Release|Any CPU
		{4D3E081D-1662-4CC4-8F8D-5DF6239131EC}.Release|Any CPU.Build.0 = Release|Any CPU
	EndGlobalSection
	GlobalSection(SolutionProperties) = preSolution
		HideSolutionNode = FALSE
	EndGlobalSection
	GlobalSection(ExtensibilityGlobals) = postSolution
		SolutionGuid = {735BF503-D5B0-4E61-935D-D5F86B274E93}
	EndGlobalSection
EndGlobal
