
Microsoft Visual Studio Solution File, Format Version 12.00
# Visual Studio 15
VisualStudioVersion = 15.0.28010.2026
MinimumVisualStudioVersion = 10.0.40219.1
Project("{9A19103F-16F7-4668-BE54-9A1E7A4F7556}") = "OctopusSearch.Core", "OctopusSearch.Core\OctopusSearch.Core.csproj", "{F263C080-9921-4779-845A-E41485B0E390}"
EndProject
Project("{9A19103F-16F7-4668-BE54-9A1E7A4F7556}") = "OctopusSearch.ConsoleApp", "OctopusSearch.ConsoleApp\OctopusSearch.ConsoleApp.csproj", "{4D3E081D-1662-4CC4-8F8D-5DF6239131EC}"
EndProject
Project("{FAE04EC0-301F-11D3-BF4B-00C04F79EFBC}") = "OctopusSearch.Win", "OctopusSearch.Win\OctopusSearch.Win.csproj", "{93049EAE-E3B1-4548-824B-9723DC524915}"
EndProject
Global
	GlobalSection(SolutionConfigurationPlatforms) = preSolution
		Debug|Any CPU = Debug|Any CPU
		Debug|ARM = Debug|ARM
		Debug|ARM64 = Debug|ARM64
		Debug|x64 = Debug|x64
		Debug|x86 = Debug|x86
		Release|Any CPU = Release|Any CPU
		Release|ARM = Release|ARM
		Release|ARM64 = Release|ARM64
		Release|x64 = Release|x64
		Release|x86 = Release|x86
	EndGlobalSection
	GlobalSection(ProjectConfigurationPlatforms) = postSolution
		{F263C080-9921-4779-845A-E41485B0E390}.Debug|Any CPU.ActiveCfg = Debug|Any CPU
		{F263C080-9921-4779-845A-E41485B0E390}.Debug|Any CPU.Build.0 = Debug|Any CPU
		{F263C080-9921-4779-845A-E41485B0E390}.Debug|ARM.ActiveCfg = Debug|Any CPU
		{F263C080-9921-4779-845A-E41485B0E390}.Debug|ARM.Build.0 = Debug|Any CPU
		{F263C080-9921-4779-845A-E41485B0E390}.Debug|ARM64.ActiveCfg = Debug|Any CPU
		{F263C080-9921-4779-845A-E41485B0E390}.Debug|ARM64.Build.0 = Debug|Any CPU
		{F263C080-9921-4779-845A-E41485B0E390}.Debug|x64.ActiveCfg = Debug|Any CPU
		{F263C080-9921-4779-845A-E41485B0E390}.Debug|x64.Build.0 = Debug|Any CPU
		{F263C080-9921-4779-845A-E41485B0E390}.Debug|x86.ActiveCfg = Debug|Any CPU
		{F263C080-9921-4779-845A-E41485B0E390}.Debug|x86.Build.0 = Debug|Any CPU
		{F263C080-9921-4779-845A-E41485B0E390}.Release|Any CPU.ActiveCfg = Release|Any CPU
		{F263C080-9921-4779-845A-E41485B0E390}.Release|Any CPU.Build.0 = Release|Any CPU
		{F263C080-9921-4779-845A-E41485B0E390}.Release|ARM.ActiveCfg = Release|Any CPU
		{F263C080-9921-4779-845A-E41485B0E390}.Release|ARM.Build.0 = Release|Any CPU
		{F263C080-9921-4779-845A-E41485B0E390}.Release|ARM64.ActiveCfg = Release|Any CPU
		{F263C080-9921-4779-845A-E41485B0E390}.Release|ARM64.Build.0 = Release|Any CPU
		{F263C080-9921-4779-845A-E41485B0E390}.Release|x64.ActiveCfg = Release|Any CPU
		{F263C080-9921-4779-845A-E41485B0E390}.Release|x64.Build.0 = Release|Any CPU
		{F263C080-9921-4779-845A-E41485B0E390}.Release|x86.ActiveCfg = Release|Any CPU
		{F263C080-9921-4779-845A-E41485B0E390}.Release|x86.Build.0 = Release|Any CPU
		{4D3E081D-1662-4CC4-8F8D-5DF6239131EC}.Debug|Any CPU.ActiveCfg = Debug|Any CPU
		{4D3E081D-1662-4CC4-8F8D-5DF6239131EC}.Debug|Any CPU.Build.0 = Debug|Any CPU
		{4D3E081D-1662-4CC4-8F8D-5DF6239131EC}.Debug|ARM.ActiveCfg = Debug|Any CPU
		{4D3E081D-1662-4CC4-8F8D-5DF6239131EC}.Debug|ARM.Build.0 = Debug|Any CPU
		{4D3E081D-1662-4CC4-8F8D-5DF6239131EC}.Debug|ARM64.ActiveCfg = Debug|Any CPU
		{4D3E081D-1662-4CC4-8F8D-5DF6239131EC}.Debug|ARM64.Build.0 = Debug|Any CPU
		{4D3E081D-1662-4CC4-8F8D-5DF6239131EC}.Debug|x64.ActiveCfg = Debug|Any CPU
		{4D3E081D-1662-4CC4-8F8D-5DF6239131EC}.Debug|x64.Build.0 = Debug|Any CPU
		{4D3E081D-1662-4CC4-8F8D-5DF6239131EC}.Debug|x86.ActiveCfg = Debug|Any CPU
		{4D3E081D-1662-4CC4-8F8D-5DF6239131EC}.Debug|x86.Build.0 = Debug|Any CPU
		{4D3E081D-1662-4CC4-8F8D-5DF6239131EC}.Release|Any CPU.ActiveCfg = Release|Any CPU
		{4D3E081D-1662-4CC4-8F8D-5DF6239131EC}.Release|Any CPU.Build.0 = Release|Any CPU
		{4D3E081D-1662-4CC4-8F8D-5DF6239131EC}.Release|ARM.ActiveCfg = Release|Any CPU
		{4D3E081D-1662-4CC4-8F8D-5DF6239131EC}.Release|ARM.Build.0 = Release|Any CPU
		{4D3E081D-1662-4CC4-8F8D-5DF6239131EC}.Release|ARM64.ActiveCfg = Release|Any CPU
		{4D3E081D-1662-4CC4-8F8D-5DF6239131EC}.Release|ARM64.Build.0 = Release|Any CPU
		{4D3E081D-1662-4CC4-8F8D-5DF6239131EC}.Release|x64.ActiveCfg = Release|Any CPU
		{4D3E081D-1662-4CC4-8F8D-5DF6239131EC}.Release|x64.Build.0 = Release|Any CPU
		{4D3E081D-1662-4CC4-8F8D-5DF6239131EC}.Release|x86.ActiveCfg = Release|Any CPU
		{4D3E081D-1662-4CC4-8F8D-5DF6239131EC}.Release|x86.Build.0 = Release|Any CPU
		{93049EAE-E3B1-4548-824B-9723DC524915}.Debug|Any CPU.ActiveCfg = Debug|Any CPU
		{93049EAE-E3B1-4548-824B-9723DC524915}.Debug|Any CPU.Build.0 = Debug|Any CPU
		{93049EAE-E3B1-4548-824B-9723DC524915}.Debug|ARM.ActiveCfg = Debug|Any CPU
		{93049EAE-E3B1-4548-824B-9723DC524915}.Debug|ARM.Build.0 = Debug|Any CPU
		{93049EAE-E3B1-4548-824B-9723DC524915}.Debug|ARM64.ActiveCfg = Debug|Any CPU
		{93049EAE-E3B1-4548-824B-9723DC524915}.Debug|ARM64.Build.0 = Debug|Any CPU
		{93049EAE-E3B1-4548-824B-9723DC524915}.Debug|x64.ActiveCfg = Debug|Any CPU
		{93049EAE-E3B1-4548-824B-9723DC524915}.Debug|x64.Build.0 = Debug|Any CPU
		{93049EAE-E3B1-4548-824B-9723DC524915}.Debug|x86.ActiveCfg = Debug|Any CPU
		{93049EAE-E3B1-4548-824B-9723DC524915}.Debug|x86.Build.0 = Debug|Any CPU
		{93049EAE-E3B1-4548-824B-9723DC524915}.Release|Any CPU.ActiveCfg = Release|Any CPU
		{93049EAE-E3B1-4548-824B-9723DC524915}.Release|Any CPU.Build.0 = Release|Any CPU
		{93049EAE-E3B1-4548-824B-9723DC524915}.Release|ARM.ActiveCfg = Release|Any CPU
		{93049EAE-E3B1-4548-824B-9723DC524915}.Release|ARM.Build.0 = Release|Any CPU
		{93049EAE-E3B1-4548-824B-9723DC524915}.Release|ARM64.ActiveCfg = Release|Any CPU
		{93049EAE-E3B1-4548-824B-9723DC524915}.Release|ARM64.Build.0 = Release|Any CPU
		{93049EAE-E3B1-4548-824B-9723DC524915}.Release|x64.ActiveCfg = Release|Any CPU
		{93049EAE-E3B1-4548-824B-9723DC524915}.Release|x64.Build.0 = Release|Any CPU
		{93049EAE-E3B1-4548-824B-9723DC524915}.Release|x86.ActiveCfg = Release|Any CPU
		{93049EAE-E3B1-4548-824B-9723DC524915}.Release|x86.Build.0 = Release|Any CPU
	EndGlobalSection
	GlobalSection(SolutionProperties) = preSolution
		HideSolutionNode = FALSE
	EndGlobalSection
	GlobalSection(ExtensibilityGlobals) = postSolution
		SolutionGuid = {735BF503-D5B0-4E61-935D-D5F86B274E93}
	EndGlobalSection
EndGlobal
