
Microsoft Visual Studio Solution File, Format Version 12.00
# Visual Studio 15
VisualStudioVersion = 15.0.28010.2026
MinimumVisualStudioVersion = 10.0.40219.1
Project("{FAE04EC0-301F-11D3-BF4B-00C04F79EFBC}") = "OctopusSearch.ConsoleApp", "OctopusSearch.ConsoleApp\OctopusSearch.ConsoleApp.csproj", "{02A4F76D-01CA-4320-8BC0-F1F0894CDACE}"
EndProject
Global
	GlobalSection(SolutionConfigurationPlatforms) = preSolution
		Debug|Any CPU = Debug|Any CPU
		Release|Any CPU = Release|Any CPU
	EndGlobalSection
	GlobalSection(ProjectConfigurationPlatforms) = postSolution
		{02A4F76D-01CA-4320-8BC0-F1F0894CDACE}.Debug|Any CPU.ActiveCfg = Debug|Any CPU
		{02A4F76D-01CA-4320-8BC0-F1F0894CDACE}.Debug|Any CPU.Build.0 = Debug|Any CPU
		{02A4F76D-01CA-4320-8BC0-F1F0894CDACE}.Release|Any CPU.ActiveCfg = Release|Any CPU
		{02A4F76D-01CA-4320-8BC0-F1F0894CDACE}.Release|Any CPU.Build.0 = Release|Any CPU
	EndGlobalSection
	GlobalSection(SolutionProperties) = preSolution
		HideSolutionNode = FALSE
	EndGlobalSection
	GlobalSection(ExtensibilityGlobals) = postSolution
		SolutionGuid = {735BF503-D5B0-4E61-935D-D5F86B274E93}
	EndGlobalSection
EndGlobal
